
Microsoft Visual Studio Solution File, Format Version 12.00
# Visual Studio Version 17
VisualStudioVersion = 17.4.33205.214
MinimumVisualStudioVersion = 10.0.40219.1
Project("{FAE04EC0-301F-11D3-BF4B-00C04F79EFBC}") = "ClassLibrary1", "ClassLibrary1\ClassLibrary1.csproj", "{414D0A3B-92AE-4EE5-9BD5-812DC483065F}"
EndProject
Project("{FAE04EC0-301F-11D3-BF4B-00C04F79EFBC}") = "Fetcher", "Fetcher\Fetcher.csproj", "{F977AEFE-8B5E-4F01-A73D-EE01056647A9}"
EndProject
Global
	GlobalSection(SolutionConfigurationPlatforms) = preSolution
		Debug|Any CPU = Debug|Any CPU
		Release|Any CPU = Release|Any CPU
	EndGlobalSection
	GlobalSection(ProjectConfigurationPlatforms) = postSolution
		{414D0A3B-92AE-4EE5-9BD5-812DC483065F}.Debug|Any CPU.ActiveCfg = Debug|Any CPU
		{414D0A3B-92AE-4EE5-9BD5-812DC483065F}.Debug|Any CPU.Build.0 = Debug|Any CPU
		{414D0A3B-92AE-4EE5-9BD5-812DC483065F}.Release|Any CPU.ActiveCfg = Release|Any CPU
		{414D0A3B-92AE-4EE5-9BD5-812DC483065F}.Release|Any CPU.Build.0 = Release|Any CPU
		{F977AEFE-8B5E-4F01-A73D-EE01056647A9}.Debug|Any CPU.ActiveCfg = Debug|Any CPU
		{F977AEFE-8B5E-4F01-A73D-EE01056647A9}.Debug|Any CPU.Build.0 = Debug|Any CPU
		{F977AEFE-8B5E-4F01-A73D-EE01056647A9}.Release|Any CPU.ActiveCfg = Release|Any CPU
		{F977AEFE-8B5E-4F01-A73D-EE01056647A9}.Release|Any CPU.Build.0 = Release|Any CPU
	EndGlobalSection
	GlobalSection(SolutionProperties) = preSolution
		HideSolutionNode = FALSE
	EndGlobalSection
	GlobalSection(ExtensibilityGlobals) = postSolution
		SolutionGuid = {867481EE-35E3-4982-9A58-5048CC11B65E}
	EndGlobalSection
EndGlobal
